Microsoft Visual Studio Solution File, Format Version 12.00
# Visual Studio Version 17
VisualStudioVersion = 17.5.2.0
MinimumVisualStudioVersion = 10.0.40219.1
Project("{FAE04EC0-301F-11D3-BF4B-00C04F79EFBC}") = "YiSha.Admin.Web", "YiSha.Admin.Web\YiSha.Admin.Web.csproj", "{1A6F738C-B102-0F63-2582-3BEF050CBAC5}"
EndProject
Project("{FAE04EC0-301F-11D3-BF4B-00C04F79EFBC}") = "YiSha.Admin.WebApi", "YiSha.Admin.WebApi\YiSha.Admin.WebApi.csproj", "{AC8DA7BB-F0C4-3014-4D55-133EB9E9217D}"
EndProject
Project("{FAE04EC0-301F-11D3-BF4B-00C04F79EFBC}") = "YiSha.Web.Code", "YiSha.Web.Code\YiSha.Web.Code.csproj", "{B754826B-B857-F865-048E-BB5449E9F385}"
EndProject
Global
	GlobalSection(SolutionConfigurationPlatforms) = preSolution
		Debug|Any CPU = Debug|Any CPU
		Release|Any CPU = Release|Any CPU
	EndGlobalSection
	GlobalSection(ProjectConfigurationPlatforms) = postSolution
		{1A6F738C-B102-0F63-2582-3BEF050CBAC5}.Debug|Any CPU.ActiveCfg = Debug|Any CPU
		{1A6F738C-B102-0F63-2582-3BEF050CBAC5}.Debug|Any CPU.Build.0 = Debug|Any CPU
		{1A6F738C-B102-0F63-2582-3BEF050CBAC5}.Release|Any CPU.ActiveCfg = Release|Any CPU
		{1A6F738C-B102-0F63-2582-3BEF050CBAC5}.Release|Any CPU.Build.0 = Release|Any CPU
		{AC8DA7BB-F0C4-3014-4D55-133EB9E9217D}.Debug|Any CPU.ActiveCfg = Debug|Any CPU
		{AC8DA7BB-F0C4-3014-4D55-133EB9E9217D}.Debug|Any CPU.Build.0 = Debug|Any CPU
		{AC8DA7BB-F0C4-3014-4D55-133EB9E9217D}.Release|Any CPU.ActiveCfg = Release|Any CPU
		{AC8DA7BB-F0C4-3014-4D55-133EB9E9217D}.Release|Any CPU.Build.0 = Release|Any CPU
		{B754826B-B857-F865-048E-BB5449E9F385}.Debug|Any CPU.ActiveCfg = Debug|Any CPU
		{B754826B-B857-F865-048E-BB5449E9F385}.Debug|Any CPU.Build.0 = Debug|Any CPU
		{B754826B-B857-F865-048E-BB5449E9F385}.Release|Any CPU.ActiveCfg = Release|Any CPU
		{B754826B-B857-F865-048E-BB5449E9F385}.Release|Any CPU.Build.0 = Release|Any CPU
	EndGlobalSection
	GlobalSection(SolutionProperties) = preSolution
		HideSolutionNode = FALSE
	EndGlobalSection
	GlobalSection(ExtensibilityGlobals) = postSolution
		SolutionGuid = {8C706D62-69B1-4640-8FED-E67E4DF2758D}
	EndGlobalSection
EndGlobal
