
Microsoft Visual Studio Solution File, Format Version 12.00
# Visual Studio Version 17
VisualStudioVersion = 17.10.34928.147
MinimumVisualStudioVersion = 10.0.40219.1
Project("{FAE04EC0-301F-11D3-BF4B-00C04F79EFBC}") = "HNB", "HNB.csproj", "{0734850E-1B95-4E37-8F80-B5610BA4391F}"
EndProject
Global
	GlobalSection(SolutionConfigurationPlatforms) = preSolution
		Debug|Any CPU = Debug|Any CPU
		Release|Any CPU = Release|Any CPU
	EndGlobalSection
	GlobalSection(ProjectConfigurationPlatforms) = postSolution
		{0734850E-1B95-4E37-8F80-B5610BA4391F}.Debug|Any CPU.ActiveCfg = Debug|Any CPU
		{0734850E-1B95-4E37-8F80-B5610BA4391F}.Debug|Any CPU.Build.0 = Debug|Any CPU
		{0734850E-1B95-4E37-8F80-B5610BA4391F}.Release|Any CPU.ActiveCfg = Release|Any CPU
		{0734850E-1B95-4E37-8F80-B5610BA4391F}.Release|Any CPU.Build.0 = Release|Any CPU
	EndGlobalSection
	GlobalSection(SolutionProperties) = preSolution
		HideSolutionNode = FALSE
	EndGlobalSection
	GlobalSection(ExtensibilityGlobals) = postSolution
		SolutionGuid = {77097E30-8BD2-4F43-9592-4F524C148CEB}
	EndGlobalSection
EndGlobal
